
Microsoft Visual Studio Solution File, Format Version 11.00
# Visual Studio 2010
Project("{FAE04EC0-301F-11D3-BF4B-00C04F79EFBC}") = "TestCases", "TestCases\TestCases.csproj", "{C25A8CCD-A8D4-493F-AAE9-FE7D86FAB251}"
EndProject
Project("{FAE04EC0-301F-11D3-BF4B-00C04F79EFBC}") = "SeleniumTools", "SeleniumTools\SeleniumTools.csproj", "{44C5195E-C8C6-4562-8B4C-D3A68A1C8360}"
EndProject
Project("{FAE04EC0-301F-11D3-BF4B-00C04F79EFBC}") = "TestFramework", "TestFramework\TestFramework.csproj", "{417C0679-F1D2-4D93-9600-D82EA79DC1C0}"
EndProject
Project("{FAE04EC0-301F-11D3-BF4B-00C04F79EFBC}") = "TestUtilities", "TestUtilities\TestUtilities.csproj", "{0E8EB4C7-718A-4FE9-9F24-A85EF4CAF6A5}"
EndProject
Project("{FAE04EC0-301F-11D3-BF4B-00C04F79EFBC}") = "ConsoleForTest", "ConsoleForTest\ConsoleForTest.csproj", "{C4CD356D-31F9-457E-B37E-537D7FFAE870}"
EndProject
Global
	GlobalSection(SolutionConfigurationPlatforms) = preSolution
		Debug|Any CPU = Debug|Any CPU
		Debug|Mixed Platforms = Debug|Mixed Platforms
		Debug|x86 = Debug|x86
		Release|Any CPU = Release|Any CPU
		Release|Mixed Platforms = Release|Mixed Platforms
		Release|x86 = Release|x86
	EndGlobalSection
	GlobalSection(ProjectConfigurationPlatforms) = postSolution
		{C25A8CCD-A8D4-493F-AAE9-FE7D86FAB251}.Debug|Any CPU.ActiveCfg = Debug|Any CPU
		{C25A8CCD-A8D4-493F-AAE9-FE7D86FAB251}.Debug|Any CPU.Build.0 = Debug|Any CPU
		{C25A8CCD-A8D4-493F-AAE9-FE7D86FAB251}.Debug|Mixed Platforms.ActiveCfg = Debug|Any CPU
		{C25A8CCD-A8D4-493F-AAE9-FE7D86FAB251}.Debug|Mixed Platforms.Build.0 = Debug|Any CPU
		{C25A8CCD-A8D4-493F-AAE9-FE7D86FAB251}.Debug|x86.ActiveCfg = Debug|Any CPU
		{C25A8CCD-A8D4-493F-AAE9-FE7D86FAB251}.Release|Any CPU.ActiveCfg = Release|Any CPU
		{C25A8CCD-A8D4-493F-AAE9-FE7D86FAB251}.Release|Any CPU.Build.0 = Release|Any CPU
		{C25A8CCD-A8D4-493F-AAE9-FE7D86FAB251}.Release|Mixed Platforms.ActiveCfg = Release|Any CPU
		{C25A8CCD-A8D4-493F-AAE9-FE7D86FAB251}.Release|Mixed Platforms.Build.0 = Release|Any CPU
		{C25A8CCD-A8D4-493F-AAE9-FE7D86FAB251}.Release|x86.ActiveCfg = Release|Any CPU
		{44C5195E-C8C6-4562-8B4C-D3A68A1C8360}.Debug|Any CPU.ActiveCfg = Debug|Any CPU
		{44C5195E-C8C6-4562-8B4C-D3A68A1C8360}.Debug|Any CPU.Build.0 = Debug|Any CPU
		{44C5195E-C8C6-4562-8B4C-D3A68A1C8360}.Debug|Mixed Platforms.ActiveCfg = Debug|Any CPU
		{44C5195E-C8C6-4562-8B4C-D3A68A1C8360}.Debug|Mixed Platforms.Build.0 = Debug|Any CPU
		{44C5195E-C8C6-4562-8B4C-D3A68A1C8360}.Debug|x86.ActiveCfg = Debug|Any CPU
		{44C5195E-C8C6-4562-8B4C-D3A68A1C8360}.Release|Any CPU.ActiveCfg = Release|Any CPU
		{44C5195E-C8C6-4562-8B4C-D3A68A1C8360}.Release|Any CPU.Build.0 = Release|Any CPU
		{44C5195E-C8C6-4562-8B4C-D3A68A1C8360}.Release|Mixed Platforms.ActiveCfg = Release|Any CPU
		{44C5195E-C8C6-4562-8B4C-D3A68A1C8360}.Release|Mixed Platforms.Build.0 = Release|Any CPU
		{44C5195E-C8C6-4562-8B4C-D3A68A1C8360}.Release|x86.ActiveCfg = Release|Any CPU
		{417C0679-F1D2-4D93-9600-D82EA79DC1C0}.Debug|Any CPU.ActiveCfg = Debug|Any CPU
		{417C0679-F1D2-4D93-9600-D82EA79DC1C0}.Debug|Any CPU.Build.0 = Debug|Any CPU
		{417C0679-F1D2-4D93-9600-D82EA79DC1C0}.Debug|Mixed Platforms.ActiveCfg = Debug|Any CPU
		{417C0679-F1D2-4D93-9600-D82EA79DC1C0}.Debug|Mixed Platforms.Build.0 = Debug|Any CPU
		{417C0679-F1D2-4D93-9600-D82EA79DC1C0}.Debug|x86.ActiveCfg = Debug|Any CPU
		{417C0679-F1D2-4D93-9600-D82EA79DC1C0}.Release|Any CPU.ActiveCfg = Release|Any CPU
		{417C0679-F1D2-4D93-9600-D82EA79DC1C0}.Release|Any CPU.Build.0 = Release|Any CPU
		{417C0679-F1D2-4D93-9600-D82EA79DC1C0}.Release|Mixed Platforms.ActiveCfg = Release|Any CPU
		{417C0679-F1D2-4D93-9600-D82EA79DC1C0}.Release|Mixed Platforms.Build.0 = Release|Any CPU
		{417C0679-F1D2-4D93-9600-D82EA79DC1C0}.Release|x86.ActiveCfg = Release|Any CPU
		{0E8EB4C7-718A-4FE9-9F24-A85EF4CAF6A5}.Debug|Any CPU.ActiveCfg = Debug|Any CPU
		{0E8EB4C7-718A-4FE9-9F24-A85EF4CAF6A5}.Debug|Any CPU.Build.0 = Debug|Any CPU
		{0E8EB4C7-718A-4FE9-9F24-A85EF4CAF6A5}.Debug|Mixed Platforms.ActiveCfg = Debug|Any CPU
		{0E8EB4C7-718A-4FE9-9F24-A85EF4CAF6A5}.Debug|Mixed Platforms.Build.0 = Debug|Any CPU
		{0E8EB4C7-718A-4FE9-9F24-A85EF4CAF6A5}.Debug|x86.ActiveCfg = Debug|Any CPU
		{0E8EB4C7-718A-4FE9-9F24-A85EF4CAF6A5}.Release|Any CPU.ActiveCfg = Release|Any CPU
		{0E8EB4C7-718A-4FE9-9F24-A85EF4CAF6A5}.Release|Any CPU.Build.0 = Release|Any CPU
		{0E8EB4C7-718A-4FE9-9F24-A85EF4CAF6A5}.Release|Mixed Platforms.ActiveCfg = Release|Any CPU
		{0E8EB4C7-718A-4FE9-9F24-A85EF4CAF6A5}.Release|Mixed Platforms.Build.0 = Release|Any CPU
		{0E8EB4C7-718A-4FE9-9F24-A85EF4CAF6A5}.Release|x86.ActiveCfg = Release|Any CPU
		{C4CD356D-31F9-457E-B37E-537D7FFAE870}.Debug|Any CPU.ActiveCfg = Debug|x86
		{C4CD356D-31F9-457E-B37E-537D7FFAE870}.Debug|Mixed Platforms.ActiveCfg = Debug|x86
		{C4CD356D-31F9-457E-B37E-537D7FFAE870}.Debug|Mixed Platforms.Build.0 = Debug|x86
		{C4CD356D-31F9-457E-B37E-537D7FFAE870}.Debug|x86.ActiveCfg = Debug|x86
		{C4CD356D-31F9-457E-B37E-537D7FFAE870}.Debug|x86.Build.0 = Debug|x86
		{C4CD356D-31F9-457E-B37E-537D7FFAE870}.Release|Any CPU.ActiveCfg = Release|x86
		{C4CD356D-31F9-457E-B37E-537D7FFAE870}.Release|Mixed Platforms.ActiveCfg = Release|x86
		{C4CD356D-31F9-457E-B37E-537D7FFAE870}.Release|Mixed Platforms.Build.0 = Release|x86
		{C4CD356D-31F9-457E-B37E-537D7FFAE870}.Release|x86.ActiveCfg = Release|x86
		{C4CD356D-31F9-457E-B37E-537D7FFAE870}.Release|x86.Build.0 = Release|x86
	EndGlobalSection
	GlobalSection(SolutionProperties) = preSolution
		HideSolutionNode = FALSE
	EndGlobalSection
EndGlobal
